
Microsoft Visual Studio Solution File, Format Version 11.00
# Visual Studio 2010
Project("{8BC9CEB8-8B4A-11D0-8D11-00A0C91BC942}") = "UI_EXAMPLE", "UI_EXAMPLE.vcxproj", "{514C1A20-79B9-4D56-97F2-0A1B5E7058B2}"
EndProject
Global
	GlobalSection(SolutionConfigurationPlatforms) = preSolution
		Debug|Win32 = Debug|Win32
		Release|Win32 = Release|Win32
	EndGlobalSection
	GlobalSection(ProjectConfigurationPlatforms) = postSolution
		{514C1A20-79B9-4D56-97F2-0A1B5E7058B2}.Debug|Win32.ActiveCfg = Debug|Win32
		{514C1A20-79B9-4D56-97F2-0A1B5E7058B2}.Debug|Win32.Build.0 = Debug|Win32
		{514C1A20-79B9-4D56-97F2-0A1B5E7058B2}.Release|Win32.ActiveCfg = Release|Win32
		{514C1A20-79B9-4D56-97F2-0A1B5E7058B2}.Release|Win32.Build.0 = Release|Win32
	EndGlobalSection
	GlobalSection(SolutionProperties) = preSolution
		HideSolutionNode = FALSE
	EndGlobalSection
EndGlobal
